// !$*UTF8*$!
{
	archiveVersion = 1;
	classes = {
	};
	objectVersion = 46;
	objects = {

/* Begin PBXBuildFile section */
		EE44DEAE1D235AA8003CCEF6 /* main.m in Sources */ = {isa = PBXBuildFile; fileRef = EE44DEAD1D235AA8003CCEF6 /* main.m */; };
		EE44DEB11D235AA8003CCEF6 /* AppDelegate.m in Sources */ = {isa = PBXBuildFile; fileRef = EE44DEB01D235AA8003CCEF6 /* AppDelegate.m */; };
		EE44DEB41D235AA8003CCEF6 /* ViewController.m in Sources */ = {isa = PBXBuildFile; fileRef = EE44DEB31D235AA8003CCEF6 /* ViewController.m */; };
		EE44DEB71D235AA8003CCEF6 /* Main.storyboard in Resources */ = {isa = PBXBuildFile; fileRef = EE44DEB51D235AA8003CCEF6 /* Main.storyboard */; };
		EE44DEB91D235AA8003CCEF6 /* Assets.xcassets in Resources */ = {isa = PBXBuildFile; fileRef = EE44DEB81D235AA8003CCEF6 /* Assets.xcassets */; };
		EE44DEBC1D235AA8003CCEF6 /* LaunchScreen.storyboard in Resources */ = {isa = PBXBuildFile; fileRef = EE44DEBA1D235AA8003CCEF6 /* LaunchScreen.storyboard */; };
		EE44DEC71D235AA8003CCEF6 /* PrettySunshineTests.m in Sources */ = {isa = PBXBuildFile; fileRef = EE44DEC61D235AA8003CCEF6 /* PrettySunshineTests.m */; };
		EE44DED21D235AA8003CCEF6 /* PrettySunshineUITests.m in Sources */ = {isa = PBXBuildFile; fileRef = EE44DED11D235AA8003CCEF6 /* PrettySunshineUITests.m */; };
/* End PBXBuildFile section */

/* Begin PBXContainerItemProxy section */
		EE44DEC31D235AA8003CCEF6 /* PBXContainerItemProxy */ = {
			isa = PBXContainerItemProxy;
			containerPortal = EE44DEA11D235AA8003CCEF6 /* Project object */;
			proxyType = 1;
			remoteGlobalIDString = EE44DEA81D235AA8003CCEF6;
			remoteInfo = PrettySunshine;
		};
		EE44DECE1D235AA8003CCEF6 /* PBXContainerItemProxy */ = {
			isa = PBXContainerItemProxy;
			containerPortal = EE44DEA11D235AA8003CCEF6 /* Project object */;
			proxyType = 1;
			remoteGlobalIDString = EE44DEA81D235AA8003CCEF6;
			remoteInfo = PrettySunshine;
		};
/* End PBXContainerItemProxy section */

/* Begin PBXFileReference section */
		EE44DEA91D235AA8003CCEF6 /* PrettySunshine.app */ = {isa = PBXFileReference; explicitFileType = wrapper.application; includeInIndex = 0; path = PrettySunshine.app; sourceTree = BUILT_PRODUCTS_DIR; };
		EE44DEAD1D235AA8003CCEF6 /* main.m */ = {isa = PBXFileReference; lastKnownFileType = sourcecode.c.objc; path = main.m; sourceTree = "<group>"; };
		EE44DEAF1D235AA8003CCEF6 /* AppDelegate.h */ = {isa = PBXFileReference; lastKnownFileType = sourcecode.c.h; path = AppDelegate.h; sourceTree = "<group>"; };
		EE44DEB01D235AA8003CCEF6 /* AppDelegate.m */ = {isa = PBXFileReference; lastKnownFileType = sourcecode.c.objc; path = AppDelegate.m; sourceTree = "<group>"; };
		EE44DEB21D235AA8003CCEF6 /* ViewController.h */ = {isa = PBXFileReference; lastKnownFileType = sourcecode.c.h; path = ViewController.h; sourceTree = "<group>"; };
		EE44DEB31D235AA8003CCEF6 /* ViewController.m */ = {isa = PBXFileReference; lastKnownFileType = sourcecode.c.objc; path = ViewController.m; sourceTree = "<group>"; };
		EE44DEB61D235AA8003CCEF6 /* Base */ = {isa = PBXFileReference; lastKnownFileType = file.storyboard; name = Base; path = Base.lproj/Main.storyboard; sourceTree = "<group>"; };
		EE44DEB81D235AA8003CCEF6 /* Assets.xcassets */ = {isa = PBXFileReference; lastKnownFileType = folder.assetcatalog; path = Assets.xcassets; sourceTree = "<group>"; };
		EE44DEBB1D235AA8003CCEF6 /* Base */ = {isa = PBXFileReference; lastKnownFileType = file.storyboard; name = Base; path = Base.lproj/LaunchScreen.storyboard; sourceTree = "<group>"; };
		EE44DEBD1D235AA8003CCEF6 /* Info.plist */ = {isa = PBXFileReference; lastKnownFileType = text.plist.xml; path = Info.plist; sourceTree = "<group>"; };
		EE44DEC21D235AA8003CCEF6 /* PrettySunshineTests.xctest */ = {isa = PBXFileReference; explicitFileType = wrapper.cfbundle; includeInIndex = 0; path = PrettySunshineTests.xctest; sourceTree = BUILT_PRODUCTS_DIR; };
		EE44DEC61D235AA8003CCEF6 /* PrettySunshineTests.m */ = {isa = PBXFileReference; lastKnownFileType = sourcecode.c.objc; path = PrettySunshineTests.m; sourceTree = "<group>"; };
		EE44DEC81D235AA8003CCEF6 /* Info.plist */ = {isa = PBXFileReference; lastKnownFileType = text.plist.xml; path = Info.plist; sourceTree = "<group>"; };
		EE44DECD1D235AA8003CCEF6 /* PrettySunshineUITests.xctest */ = {isa = PBXFileReference; explicitFileType = wrapper.cfbundle; includeInIndex = 0; path = PrettySunshineUITests.xctest; sourceTree = BUILT_PRODUCTS_DIR; };
		EE44DED11D235AA8003CCEF6 /* PrettySunshineUITests.m */ = {isa = PBXFileReference; lastKnownFileType = sourcecode.c.objc; path = PrettySunshineUITests.m; sourceTree = "<group>"; };
		EE44DED31D235AA8003CCEF6 /* Info.plist */ = {isa = PBXFileReference; lastKnownFileType = text.plist.xml; path = Info.plist; sourceTree = "<group>"; };
/* End PBXFileReference section */

/* Begin PBXFrameworksBuildPhase section */
		EE44DEA61D235AA8003CCEF6 /* Frameworks */ = {
			isa = PBXFrameworksBuildPhase;
			buildActionMask = 2147483647;
			files = (
			);
			runOnlyForDeploymentPostprocessing = 0;
		};
		EE44DEBF1D235AA8003CCEF6 /* Frameworks */ = {
			isa = PBXFrameworksBuildPhase;
			buildActionMask = 2147483647;
			files = (
			);
			runOnlyForDeploymentPostprocessing = 0;
		};
		EE44DECA1D235AA8003CCEF6 /* Frameworks */ = {
			isa = PBXFrameworksBuildPhase;
			buildActionMask = 2147483647;
			files = (
			);
			runOnlyForDeploymentPostprocessing = 0;
		};
/* End PBXFrameworksBuildPhase section */

/* Begin PBXGroup section */
		EE44DEA01D235AA7003CCEF6 = {
			isa = PBXGroup;
			children = (
				EE44DEAB1D235AA8003CCEF6 /* PrettySunshine */,
				EE44DEC51D235AA8003CCEF6 /* PrettySunshineTests */,
				EE44DED01D235AA8003CCEF6 /* PrettySunshineUITests */,
				EE44DEAA1D235AA8003CCEF6 /* Products */,
			);
			sourceTree = "<group>";
		};
		EE44DEAA1D235AA8003CCEF6 /* Products */ = {
			isa = PBXGroup;
			children = (
				EE44DEA91D235AA8003CCEF6 /* PrettySunshine.app */,
				EE44DEC21D235AA8003CCEF6 /* PrettySunshineTests.xctest */,
				EE44DECD1D235AA8003CCEF6 /* PrettySunshineUITests.xctest */,
			);
			name = Products;
			sourceTree = "<group>";
		};
		EE44DEAB1D235AA8003CCEF6 /* PrettySunshine */ = {
			isa = PBXGroup;
			children = (
				EE44DEAF1D235AA8003CCEF6 /* AppDelegate.h */,
				EE44DEB01D235AA8003CCEF6 /* AppDelegate.m */,
				EE44DEB21D235AA8003CCEF6 /* ViewController.h */,
				EE44DEB31D235AA8003CCEF6 /* ViewController.m */,
				EE44DEB51D235AA8003CCEF6 /* Main.storyboard */,
				EE44DEB81D235AA8003CCEF6 /* Assets.xcassets */,
				EE44DEBA1D235AA8003CCEF6 /* LaunchScreen.storyboard */,
				EE44DEBD1D235AA8003CCEF6 /* Info.plist */,
				EE44DEAC1D235AA8003CCEF6 /* Supporting Files */,
			);
			path = PrettySunshine;
			sourceTree = "<group>";
		};
		EE44DEAC1D235AA8003CCEF6 /* Supporting Files */ = {
			isa = PBXGroup;
			children = (
				EE44DEAD1D235AA8003CCEF6 /* main.m */,
			);
			name = "Supporting Files";
			sourceTree = "<group>";
		};
		EE44DEC51D235AA8003CCEF6 /* PrettySunshineTests */ = {
			isa = PBXGroup;
			children = (
				EE44DEC61D235AA8003CCEF6 /* PrettySunshineTests.m */,
				EE44DEC81D235AA8003CCEF6 /* Info.plist */,
			);
			path = PrettySunshineTests;
			sourceTree = "<group>";
		};
		EE44DED01D235AA8003CCEF6 /* PrettySunshineUITests */ = {
			isa = PBXGroup;
			children = (
				EE44DED11D235AA8003CCEF6 /* PrettySunshineUITests.m */,
				EE44DED31D235AA8003CCEF6 /* Info.plist */,
			);
			path = PrettySunshineUITests;
			sourceTree = "<group>";
		};
/* End PBXGroup section */

/* Begin PBXNativeTarget section */
		EE44DEA81D235AA8003CCEF6 /* PrettySunshine */ = {
			isa = PBXNativeTarget;
			buildConfigurationList = EE44DED61D235AA8003CCEF6 /* Build configuration list for PBXNativeTarget "PrettySunshine" */;
			buildPhases = (
				EE44DEA51D235AA8003CCEF6 /* Sources */,
				EE44DEA61D235AA8003CCEF6 /* Frameworks */,
				EE44DEA71D235AA8003CCEF6 /* Resources */,
			);
			buildRules = (
			);
			dependencies = (
			);
			name = PrettySunshine;
			productName = PrettySunshine;
			productReference = EE44DEA91D235AA8003CCEF6 /* PrettySunshine.app */;
			productType = "com.apple.product-type.application";
		};
		EE44DEC11D235AA8003CCEF6 /* PrettySunshineTests */ = {
			isa = PBXNativeTarget;
			buildConfigurationList = EE44DED91D235AA8003CCEF6 /* Build configuration list for PBXNativeTarget "PrettySunshineTests" */;
			buildPhases = (
				EE44DEBE1D235AA8003CCEF6 /* Sources */,
				EE44DEBF1D235AA8003CCEF6 /* Frameworks */,
				EE44DEC01D235AA8003CCEF6 /* Resources */,
			);
			buildRules = (
			);
			dependencies = (
				EE44DEC41D235AA8003CCEF6 /* PBXTargetDependency */,
			);
			name = PrettySunshineTests;
			productName = PrettySunshineTests;
			productReference = EE44DEC21D235AA8003CCEF6 /* PrettySunshineTests.xctest */;
			productType = "com.apple.product-type.bundle.unit-test";
		};
		EE44DECC1D235AA8003CCEF6 /* PrettySunshineUITests */ = {
			isa = PBXNativeTarget;
			buildConfigurationList = EE44DEDC1D235AA8003CCEF6 /* Build configuration list for PBXNativeTarget "PrettySunshineUITests" */;
			buildPhases = (
				EE44DEC91D235AA8003CCEF6 /* Sources */,
				EE44DECA1D235AA8003CCEF6 /* Frameworks */,
				EE44DECB1D235AA8003CCEF6 /* Resources */,
			);
			buildRules = (
			);
			dependencies = (
				EE44DECF1D235AA8003CCEF6 /* PBXTargetDependency */,
			);
			name = PrettySunshineUITests;
			productName = PrettySunshineUITests;
			productReference = EE44DECD1D235AA8003CCEF6 /* PrettySunshineUITests.xctest */;
			productType = "com.apple.product-type.bundle.ui-testing";
		};
/* End PBXNativeTarget section */

/* Begin PBXProject section */
		EE44DEA11D235AA8003CCEF6 /* Project object */ = {
			isa = PBXProject;
			attributes = {
				LastUpgradeCheck = 0730;
				ORGANIZATIONNAME = Groupfly;
				TargetAttributes = {
					EE44DEA81D235AA8003CCEF6 = {
						CreatedOnToolsVersion = 7.3.1;
					};
					EE44DEC11D235AA8003CCEF6 = {
						CreatedOnToolsVersion = 7.3.1;
						TestTargetID = EE44DEA81D235AA8003CCEF6;
					};
					EE44DECC1D235AA8003CCEF6 = {
						CreatedOnToolsVersion = 7.3.1;
						TestTargetID = EE44DEA81D235AA8003CCEF6;
					};
				};
			};
			buildConfigurationList = EE44DEA41D235AA8003CCEF6 /* Build configuration list for PBXProject "PrettySunshine" */;
			compatibilityVersion = "Xcode 3.2";
			developmentRegion = English;
			hasScannedForEncodings = 0;
			knownRegions = (
				en,
				Base,
			);
			mainGroup = EE44DEA01D235AA7003CCEF6;
			productRefGroup = EE44DEAA1D235AA8003CCEF6 /* Products */;
			projectDirPath = "";
			projectRoot = "";
			targets = (
				EE44DEA81D235AA8003CCEF6 /* PrettySunshine */,
				EE44DEC11D235AA8003CCEF6 /* PrettySunshineTests */,
				EE44DECC1D235AA8003CCEF6 /* PrettySunshineUITests */,
			);
		};
/* End PBXProject section */

/* Begin PBXResourcesBuildPhase section */
		EE44DEA71D235AA8003CCEF6 /* Resources */ = {
			isa = PBXResourcesBuildPhase;
			buildActionMask = 2147483647;
			files = (
				EE44DEBC1D235AA8003CCEF6 /* LaunchScreen.storyboard in Resources */,
				EE44DEB91D235AA8003CCEF6 /* Assets.xcassets in Resources */,
				EE44DEB71D235AA8003CCEF6 /* Main.storyboard in Resources */,
			);
			runOnlyForDeploymentPostprocessing = 0;
		};
		EE44DEC01D235AA8003CCEF6 /* Resources */ = {
			isa = PBXResourcesBuildPhase;
			buildActionMask = 2147483647;
			files = (
			);
			runOnlyForDeploymentPostprocessing = 0;
		};
		EE44DECB1D235AA8003CCEF6 /* Resources */ = {
			isa = PBXResourcesBuildPhase;
			buildActionMask = 2147483647;
			files = (
			);
			runOnlyForDeploymentPostprocessing = 0;
		};
/* End PBXResourcesBuildPhase section */

/* Begin PBXSourcesBuildPhase section */
		EE44DEA51D235AA8003CCEF6 /* Sources */ = {
			isa = PBXSourcesBuildPhase;
			buildActionMask = 2147483647;
			files = (
				EE44DEB41D235AA8003CCEF6 /* ViewController.m in Sources */,
				EE44DEB11D235AA8003CCEF6 /* AppDelegate.m in Sources */,
				EE44DEAE1D235AA8003CCEF6 /* main.m in Sources */,
			);
			runOnlyForDeploymentPostprocessing = 0;
		};
		EE44DEBE1D235AA8003CCEF6 /* Sources */ = {
			isa = PBXSourcesBuildPhase;
			buildActionMask = 2147483647;
			files = (
				EE44DEC71D235AA8003CCEF6 /* PrettySunshineTests.m in Sources */,
			);
			runOnlyForDeploymentPostprocessing = 0;
		};
		EE44DEC91D235AA8003CCEF6 /* Sources */ = {
			isa = PBXSourcesBuildPhase;
			buildActionMask = 2147483647;
			files = (
				EE44DED21D235AA8003CCEF6 /* PrettySunshineUITests.m in Sources */,
			);
			runOnlyForDeploymentPostprocessing = 0;
		};
/* End PBXSourcesBuildPhase section */

/* Begin PBXTargetDependency section */
		EE44DEC41D235AA8003CCEF6 /* PBXTargetDependency */ = {
			isa = PBXTargetDependency;
			target = EE44DEA81D235AA8003CCEF6 /* PrettySunshine */;
			targetProxy = EE44DEC31D235AA8003CCEF6 /* PBXContainerItemProxy */;
		};
		EE44DECF1D235AA8003CCEF6 /* PBXTargetDependency */ = {
			isa = PBXTargetDependency;
			target = EE44DEA81D235AA8003CCEF6 /* PrettySunshine */;
			targetProxy = EE44DECE1D235AA8003CCEF6 /* PBXContainerItemProxy */;
		};
/* End PBXTargetDependency section */

/* Begin PBXVariantGroup section */
		EE44DEB51D235AA8003CCEF6 /* Main.storyboard */ = {
			isa = PBXVariantGroup;
			children = (
				EE44DEB61D235AA8003CCEF6 /* Base */,
			);
			name = Main.storyboard;
			sourceTree = "<group>";
		};
		EE44DEBA1D235AA8003CCEF6 /* LaunchScreen.storyboard */ = {
			isa = PBXVariantGroup;
			children = (
				EE44DEBB1D235AA8003CCEF6 /* Base */,
			);
			name = LaunchScreen.storyboard;
			sourceTree = "<group>";
		};
/* End PBXVariantGroup section */

/* Begin XCBuildConfiguration section */
		EE44DED41D235AA8003CCEF6 /* Debug */ = {
			isa = XCBuildConfiguration;
			buildSettings = {
				ALWAYS_SEARCH_USER_PATHS = NO;
				CLANG_ANALYZER_NONNULL = YES;
				CLANG_CXX_LANGUAGE_STANDARD = "gnu++0x";
				CLANG_CXX_LIBRARY = "libc++";
				CLANG_ENABLE_MODULES = YES;
				CLANG_ENABLE_OBJC_ARC = YES;
				CLANG_WARN_BOOL_CONVERSION = YES;
				CLANG_WARN_CONSTANT_CONVERSION = YES;
				CLANG_WARN_DIRECT_OBJC_ISA_USAGE = YES_ERROR;
				CLANG_WARN_EMPTY_BODY = YES;
				CLANG_WARN_ENUM_CONVERSION = YES;
				CLANG_WARN_INT_CONVERSION = YES;
				CLANG_WARN_OBJC_ROOT_CLASS = YES_ERROR;
				CLANG_WARN_UNREACHABLE_CODE = YES;
				CLANG_WARN__DUPLICATE_METHOD_MATCH = YES;
				"CODE_SIGN_IDENTITY[sdk=iphoneos*]" = "iPhone Developer";
				COPY_PHASE_STRIP = NO;
				DEBUG_INFORMATION_FORMAT = dwarf;
				ENABLE_STRICT_OBJC_MSGSEND = YES;
				ENABLE_TESTABILITY = YES;
				GCC_C_LANGUAGE_STANDARD = gnu99;
				GCC_DYNAMIC_NO_PIC = NO;
				GCC_NO_COMMON_BLOCKS = YES;
				GCC_OPTIMIZATION_LEVEL = 0;
				GCC_PREPROCESSOR_DEFINITIONS = (
					"DEBUG=1",
					"$(inherited)",
				);
				GCC_WARN_64_TO_32_BIT_CONVERSION = YES;
				GCC_WARN_ABOUT_RETURN_TYPE = YES_ERROR;
				GCC_WARN_UNDECLARED_SELECTOR = YES;
				GCC_WARN_UNINITIALIZED_AUTOS = YES_AGGRESSIVE;
				GCC_WARN_UNUSED_FUNCTION = YES;
				GCC_WARN_UNUSED_VARIABLE = YES;
				IPHONEOS_DEPLOYMENT_TARGET = 9.3;
				MTL_ENABLE_DEBUG_INFO = YES;
				ONLY_ACTIVE_ARCH = YES;
				SDKROOT = iphoneos;
			};
			name = Debug;
		};
		EE44DED51D235AA8003CCEF6 /* Release */ = {
			isa = XCBuildConfiguration;
			buildSettings = {
				ALWAYS_SEARCH_USER_PATHS = NO;
				CLANG_ANALYZER_NONNULL = YES;
				CLANG_CXX_LANGUAGE_STANDARD = "gnu++0x";
				CLANG_CXX_LIBRARY = "libc++";
				CLANG_ENABLE_MODULES = YES;
				CLANG_ENABLE_OBJC_ARC = YES;
				CLANG_WARN_BOOL_CONVERSION = YES;
				CLANG_WARN_CONSTANT_CONVERSION = YES;
				CLANG_WARN_DIRECT_OBJC_ISA_USAGE = YES_ERROR;
				CLANG_WARN_EMPTY_BODY = YES;
				CLANG_WARN_ENUM_CONVERSION = YES;
				CLANG_WARN_INT_CONVERSION = YES;
				CLANG_WARN_OBJC_ROOT_CLASS = YES_ERROR;
				CLANG_WARN_UNREACHABLE_CODE = YES;
				CLANG_WARN__DUPLICATE_METHOD_MATCH = YES;
				"CODE_SIGN_IDENTITY[sdk=iphoneos*]" = "iPhone Developer";
				COPY_PHASE_STRIP = NO;
				DEBUG_INFORMATION_FORMAT = "dwarf-with-dsym";
				ENABLE_NS_ASSERTIONS = NO;
				ENABLE_STRICT_OBJC_MSGSEND = YES;
				GCC_C_LANGUAGE_STANDARD = gnu99;
				GCC_NO_COMMON_BLOCKS = YES;
				GCC_WARN_64_TO_32_BIT_CONVERSION = YES;
				GCC_WARN_ABOUT_RETURN_TYPE = YES_ERROR;
				GCC_WARN_UNDECLARED_SELECTOR = YES;
				GCC_WARN_UNINITIALIZED_AUTOS = YES_AGGRESSIVE;
				GCC_WARN_UNUSED_FUNCTION = YES;
				GCC_WARN_UNUSED_VARIABLE = YES;
				IPHONEOS_DEPLOYMENT_TARGET = 9.3;
				MTL_ENABLE_DEBUG_INFO = NO;
				SDKROOT = iphoneos;
				VALIDATE_PRODUCT = YES;
			};
			name = Release;
		};
		EE44DED71D235AA8003CCEF6 /* Debug */ = {
			isa = XCBuildConfiguration;
			buildSettings = {
				ASSETCATALOG_COMPILER_APPICON_NAME = AppIcon;
				INFOPLIST_FILE = PrettySunshine/Info.plist;
				LD_RUNPATH_SEARCH_PATHS = "$(inherited) @executable_path/Frameworks";
				PRODUCT_BUNDLE_IDENTIFIER = Groupfly.PrettySunshine;
				PRODUCT_NAME = "$(TARGET_NAME)";
			};
			name = Debug;
		};
		EE44DED81D235AA8003CCEF6 /* Release */ = {
			isa = XCBuildConfiguration;
			buildSettings = {
				ASSETCATALOG_COMPILER_APPICON_NAME = AppIcon;
				INFOPLIST_FILE = PrettySunshine/Info.plist;
				LD_RUNPATH_SEARCH_PATHS = "$(inherited) @executable_path/Frameworks";
				PRODUCT_BUNDLE_IDENTIFIER = Groupfly.PrettySunshine;
				PRODUCT_NAME = "$(TARGET_NAME)";
			};
			name = Release;
		};
		EE44DEDA1D235AA8003CCEF6 /* Debug */ = {
			isa = XCBuildConfiguration;
			buildSettings = {
				BUNDLE_LOADER = "$(TEST_HOST)";
				INFOPLIST_FILE = PrettySunshineTests/Info.plist;
				LD_RUNPATH_SEARCH_PATHS = "$(inherited) @executable_path/Frameworks @loader_path/Frameworks";
				PRODUCT_BUNDLE_IDENTIFIER = Groupfly.PrettySunshineTests;
				PRODUCT_NAME = "$(TARGET_NAME)";
				TEST_HOST = "$(BUILT_PRODUCTS_DIR)/PrettySunshine.app/PrettySunshine";
			};
			name = Debug;
		};
		EE44DEDB1D235AA8003CCEF6 /* Release */ = {
			isa = XCBuildConfiguration;
			buildSettings = {
				BUNDLE_LOADER = "$(TEST_HOST)";
				INFOPLIST_FILE = PrettySunshineTests/Info.plist;
				LD_RUNPATH_SEARCH_PATHS = "$(inherited) @executable_path/Frameworks @loader_path/Frameworks";
				PRODUCT_BUNDLE_IDENTIFIER = Groupfly.PrettySunshineTests;
				PRODUCT_NAME = "$(TARGET_NAME)";
				TEST_HOST = "$(BUILT_PRODUCTS_DIR)/PrettySunshine.app/PrettySunshine";
			};
			name = Release;
		};
		EE44DEDD1D235AA8003CCEF6 /* Debug */ = {
			isa = XCBuildConfiguration;
			buildSettings = {
				INFOPLIST_FILE = PrettySunshineUITests/Info.plist;
				LD_RUNPATH_SEARCH_PATHS = "$(inherited) @executable_path/Frameworks @loader_path/Frameworks";
				PRODUCT_BUNDLE_IDENTIFIER = Groupfly.PrettySunshineUITests;
				PRODUCT_NAME = "$(TARGET_NAME)";
				TEST_TARGET_NAME = PrettySunshine;
			};
			name = Debug;
		};
		EE44DEDE1D235AA8003CCEF6 /* Release */ = {
			isa = XCBuildConfiguration;
			buildSettings = {
				INFOPLIST_FILE = PrettySunshineUITests/Info.plist;
				LD_RUNPATH_SEARCH_PATHS = "$(inherited) @executable_path/Frameworks @loader_path/Frameworks";
				PRODUCT_BUNDLE_IDENTIFIER = Groupfly.PrettySunshineUITests;
				PRODUCT_NAME = "$(TARGET_NAME)";
				TEST_TARGET_NAME = PrettySunshine;
			};
			name = Release;
		};
/* End XCBuildConfiguration section */

/* Begin XCConfigurationList section */
		EE44DEA41D235AA8003CCEF6 /* Build configuration list for PBXProject "PrettySunshine" */ = {
			isa = XCConfigurationList;
			buildConfigurations = (
				EE44DED41D235AA8003CCEF6 /* Debug */,
				EE44DED51D235AA8003CCEF6 /* Release */,
			);
			defaultConfigurationIsVisible = 0;
			defaultConfigurationName = Release;
		};
		EE44DED61D235AA8003CCEF6 /* Build configuration list for PBXNativeTarget "PrettySunshine" */ = {
			isa = XCConfigurationList;
			buildConfigurations = (
				EE44DED71D235AA8003CCEF6 /* Debug */,
				EE44DED81D235AA8003CCEF6 /* Release */,
			);
			defaultConfigurationIsVisible = 0;
		};
		EE44DED91D235AA8003CCEF6 /* Build configuration list for PBXNativeTarget "PrettySunshineTests" */ = {
			isa = XCConfigurationList;
			buildConfigurations = (
				EE44DEDA1D235AA8003CCEF6 /* Debug */,
				EE44DEDB1D235AA8003CCEF6 /* Release */,
			);
			defaultConfigurationIsVisible = 0;
		};
		EE44DEDC1D235AA8003CCEF6 /* Build configuration list for PBXNativeTarget "PrettySunshineUITests" */ = {
			isa = XCConfigurationList;
			buildConfigurations = (
				EE44DEDD1D235AA8003CCEF6 /* Debug */,
				EE44DEDE1D235AA8003CCEF6 /* Release */,
			);
			defaultConfigurationIsVisible = 0;
		};
/* End XCConfigurationList section */
	};
	rootObject = EE44DEA11D235AA8003CCEF6 /* Project object */;
}
